Microsoft Visual Studio Solution File, Format Version 12.00
# Visual Studio Version 16
VisualStudioVersion = 16.0.0.0
MinimumVisualStudioVersion = 16.0.0.0
Project("{9A19103F-16F7-4668-BE54-9A1E7A4F7556}") = "EN.Server", "Server\EN.Server.csproj", "{77C92084-99BB-4F84-8154-0DD6B2B571D8}"
EndProject
Project("{9A19103F-16F7-4668-BE54-9A1E7A4F7556}") = "EN.Client", "Client\EN.Client.csproj", "{04FE8BE3-BDA9-4133-AB9D-59F580903CA9}"
EndProject
Project("{9A19103F-16F7-4668-BE54-9A1E7A4F7556}") = "EN.Shared", "Shared\EN.Shared.csproj", "{A2B9336A-5A40-4685-AA55-57F659BB138E}"
EndProject
Global
	GlobalSection(SolutionConfigurationPlatforms) = preSolution
		Debug|Any CPU = Debug|Any CPU
		Debug|x64 = Debug|x64
		Debug|x86 = Debug|x86
		Release|Any CPU = Release|Any CPU
		Release|x64 = Release|x64
		Release|x86 = Release|x86
	EndGlobalSection
	GlobalSection(ProjectConfigurationPlatforms) = postSolution
		{04FE8BE3-BDA9-4133-AB9D-59F580903CA9}.Debug|Any CPU.ActiveCfg = Debug|Any CPU
		{04FE8BE3-BDA9-4133-AB9D-59F580903CA9}.Debug|Any CPU.Build.0 = Debug|Any CPU
		{04FE8BE3-BDA9-4133-AB9D-59F580903CA9}.Debug|x64.ActiveCfg = Debug|Any CPU
		{04FE8BE3-BDA9-4133-AB9D-59F580903CA9}.Debug|x64.Build.0 = Debug|Any CPU
		{04FE8BE3-BDA9-4133-AB9D-59F580903CA9}.Debug|x86.ActiveCfg = Debug|Any CPU
		{04FE8BE3-BDA9-4133-AB9D-59F580903CA9}.Debug|x86.Build.0 = Debug|Any CPU
		{04FE8BE3-BDA9-4133-AB9D-59F580903CA9}.Release|Any CPU.ActiveCfg = Release|Any CPU
		{04FE8BE3-BDA9-4133-AB9D-59F580903CA9}.Release|Any CPU.Build.0 = Release|Any CPU
		{04FE8BE3-BDA9-4133-AB9D-59F580903CA9}.Release|x64.ActiveCfg = Release|Any CPU
		{04FE8BE3-BDA9-4133-AB9D-59F580903CA9}.Release|x64.Build.0 = Release|Any CPU
		{04FE8BE3-BDA9-4133-AB9D-59F580903CA9}.Release|x86.ActiveCfg = Release|Any CPU
		{04FE8BE3-BDA9-4133-AB9D-59F580903CA9}.Release|x86.Build.0 = Release|Any CPU
		{77C92084-99BB-4F84-8154-0DD6B2B571D8}.Debug|Any CPU.ActiveCfg = Debug|Any CPU
		{77C92084-99BB-4F84-8154-0DD6B2B571D8}.Debug|Any CPU.Build.0 = Debug|Any CPU
		{77C92084-99BB-4F84-8154-0DD6B2B571D8}.Debug|x64.ActiveCfg = Debug|Any CPU
		{77C92084-99BB-4F84-8154-0DD6B2B571D8}.Debug|x64.Build.0 = Debug|Any CPU
		{77C92084-99BB-4F84-8154-0DD6B2B571D8}.Debug|x86.ActiveCfg = Debug|Any CPU
		{77C92084-99BB-4F84-8154-0DD6B2B571D8}.Debug|x86.Build.0 = Debug|Any CPU
		{77C92084-99BB-4F84-8154-0DD6B2B571D8}.Release|Any CPU.ActiveCfg = Release|Any CPU
		{77C92084-99BB-4F84-8154-0DD6B2B571D8}.Release|Any CPU.Build.0 = Release|Any CPU
		{77C92084-99BB-4F84-8154-0DD6B2B571D8}.Release|x64.ActiveCfg = Release|Any CPU
		{77C92084-99BB-4F84-8154-0DD6B2B571D8}.Release|x64.Build.0 = Release|Any CPU
		{77C92084-99BB-4F84-8154-0DD6B2B571D8}.Release|x86.ActiveCfg = Release|Any CPU
		{77C92084-99BB-4F84-8154-0DD6B2B571D8}.Release|x86.Build.0 = Release|Any CPU
		{A2B9336A-5A40-4685-AA55-57F659BB138E}.Debug|Any CPU.ActiveCfg = Debug|Any CPU
		{A2B9336A-5A40-4685-AA55-57F659BB138E}.Debug|Any CPU.Build.0 = Debug|Any CPU
		{A2B9336A-5A40-4685-AA55-57F659BB138E}.Debug|x64.ActiveCfg = Debug|Any CPU
		{A2B9336A-5A40-4685-AA55-57F659BB138E}.Debug|x64.Build.0 = Debug|Any CPU
		{A2B9336A-5A40-4685-AA55-57F659BB138E}.Debug|x86.ActiveCfg = Debug|Any CPU
		{A2B9336A-5A40-4685-AA55-57F659BB138E}.Debug|x86.Build.0 = Debug|Any CPU
		{A2B9336A-5A40-4685-AA55-57F659BB138E}.Release|Any CPU.ActiveCfg = Release|Any CPU
		{A2B9336A-5A40-4685-AA55-57F659BB138E}.Release|Any CPU.Build.0 = Release|Any CPU
		{A2B9336A-5A40-4685-AA55-57F659BB138E}.Release|x64.ActiveCfg = Release|Any CPU
		{A2B9336A-5A40-4685-AA55-57F659BB138E}.Release|x64.Build.0 = Release|Any CPU
		{A2B9336A-5A40-4685-AA55-57F659BB138E}.Release|x86.ActiveCfg = Release|Any CPU
		{A2B9336A-5A40-4685-AA55-57F659BB138E}.Release|x86.Build.0 = Release|Any CPU
	EndGlobalSection
	GlobalSection(SolutionProperties) = preSolution
		HideSolutionNode = FALSE
	EndGlobalSection
	GlobalSection(ExtensibilityGlobals) = postSolution
		SolutionGuid = {540F8FB9-5745-4F7A-83E4-223370F16B06}
	EndGlobalSection
EndGlobal